
Microsoft Visual Studio Solution File, Format Version 12.00
# Visual Studio Version 17
VisualStudioVersion = 17.9.34728.123
MinimumVisualStudioVersion = 10.0.40219.1
Project("{2150E333-8FDC-42A3-9474-1A3956D46DE8}") = "Core", "Core", "{13D69981-E785-44D6-9637-FD8BCE174ECD}"
EndProject
Project("{9A19103F-16F7-4668-BE54-9A1E7A4F7556}") = "PlanWise.Domain", "src\Core\PlanWise.Domain\PlanWise.Domain.csproj", "{58DBD8A8-D1A7-4540-BB41-6AA37630608A}"
EndProject
Project("{9A19103F-16F7-4668-BE54-9A1E7A4F7556}") = "PlanWise.Application", "src\Core\PlanWise.Application\PlanWise.Application.csproj", "{C076A079-2F58-4A9E-BCD7-26ACA5966E2A}"
EndProject
Project("{9A19103F-16F7-4668-BE54-9A1E7A4F7556}") = "PlanWise.Infra.Data", "src\Core\PlanWise.Infra.Data\PlanWise.Infra.Data.csproj", "{AAFDA276-BBE7-4C54-9118-838DF1F3D027}"
EndProject
Project("{9A19103F-16F7-4668-BE54-9A1E7A4F7556}") = "PlanWise.Infra.Ioc", "src\Core\PlanWise.Infra.Ioc\PlanWise.Infra.Ioc.csproj", "{0AEC1DBF-0208-48EC-83F0-F67ACAAF1148}"
EndProject
Project("{9A19103F-16F7-4668-BE54-9A1E7A4F7556}") = "PlanWise.API", "src\PlanWise.API\PlanWise.API.csproj", "{CB762575-902D-4CFF-AEAC-A50F78E153D0}"
EndProject
Project("{2150E333-8FDC-42A3-9474-1A3956D46DE8}") = "Services", "Services", "{5EC33F62-6BF7-4ED6-B061-AF0E9898EB99}"
EndProject
Project("{9A19103F-16F7-4668-BE54-9A1E7A4F7556}") = "EmailServices", "src\Services\EmailService\EmailServices.csproj", "{9D04CEC0-E683-4E7E-BAA3-1A1E71FBAD30}"
EndProject
Project("{9A19103F-16F7-4668-BE54-9A1E7A4F7556}") = "tests", "tests\tests.csproj", "{71CEF88C-6330-47B6-934E-D4D9E88F198A}"
EndProject
Project("{9A19103F-16F7-4668-BE54-9A1E7A4F7556}") = "RabbitMQServer", "src\Services\RabbitMQServer\RabbitMQServer.csproj", "{04FF3298-B2D7-475A-BBA9-BD5249576ADB}"
EndProject
Project("{9A19103F-16F7-4668-BE54-9A1E7A4F7556}") = "PlanWise.Presentation", "src\Core\PlanWise.Presentation\PlanWise.Presentation.csproj", "{3AC534BC-961E-4EC1-A930-5335302E24C6}"
EndProject
Project("{2150E333-8FDC-42A3-9474-1A3956D46DE8}") = "src", "src", "{C17B1655-0347-423C-9C44-18CFE641AA46}"
EndProject
Global
	GlobalSection(SolutionConfigurationPlatforms) = preSolution
		Debug|Any CPU = Debug|Any CPU
		Release|Any CPU = Release|Any CPU
	EndGlobalSection
	GlobalSection(ProjectConfigurationPlatforms) = postSolution
		{58DBD8A8-D1A7-4540-BB41-6AA37630608A}.Debug|Any CPU.ActiveCfg = Debug|Any CPU
		{58DBD8A8-D1A7-4540-BB41-6AA37630608A}.Debug|Any CPU.Build.0 = Debug|Any CPU
		{58DBD8A8-D1A7-4540-BB41-6AA37630608A}.Release|Any CPU.ActiveCfg = Release|Any CPU
		{58DBD8A8-D1A7-4540-BB41-6AA37630608A}.Release|Any CPU.Build.0 = Release|Any CPU
		{C076A079-2F58-4A9E-BCD7-26ACA5966E2A}.Debug|Any CPU.ActiveCfg = Debug|Any CPU
		{C076A079-2F58-4A9E-BCD7-26ACA5966E2A}.Debug|Any CPU.Build.0 = Debug|Any CPU
		{C076A079-2F58-4A9E-BCD7-26ACA5966E2A}.Release|Any CPU.ActiveCfg = Release|Any CPU
		{C076A079-2F58-4A9E-BCD7-26ACA5966E2A}.Release|Any CPU.Build.0 = Release|Any CPU
		{AAFDA276-BBE7-4C54-9118-838DF1F3D027}.Debug|Any CPU.ActiveCfg = Debug|Any CPU
		{AAFDA276-BBE7-4C54-9118-838DF1F3D027}.Debug|Any CPU.Build.0 = Debug|Any CPU
		{AAFDA276-BBE7-4C54-9118-838DF1F3D027}.Release|Any CPU.ActiveCfg = Release|Any CPU
		{AAFDA276-BBE7-4C54-9118-838DF1F3D027}.Release|Any CPU.Build.0 = Release|Any CPU
		{0AEC1DBF-0208-48EC-83F0-F67ACAAF1148}.Debug|Any CPU.ActiveCfg = Debug|Any CPU
		{0AEC1DBF-0208-48EC-83F0-F67ACAAF1148}.Debug|Any CPU.Build.0 = Debug|Any CPU
		{0AEC1DBF-0208-48EC-83F0-F67ACAAF1148}.Release|Any CPU.ActiveCfg = Release|Any CPU
		{0AEC1DBF-0208-48EC-83F0-F67ACAAF1148}.Release|Any CPU.Build.0 = Release|Any CPU
		{CB762575-902D-4CFF-AEAC-A50F78E153D0}.Debug|Any CPU.ActiveCfg = Debug|Any CPU
		{CB762575-902D-4CFF-AEAC-A50F78E153D0}.Debug|Any CPU.Build.0 = Debug|Any CPU
		{CB762575-902D-4CFF-AEAC-A50F78E153D0}.Release|Any CPU.ActiveCfg = Release|Any CPU
		{CB762575-902D-4CFF-AEAC-A50F78E153D0}.Release|Any CPU.Build.0 = Release|Any CPU
		{9D04CEC0-E683-4E7E-BAA3-1A1E71FBAD30}.Debug|Any CPU.ActiveCfg = Debug|Any CPU
		{9D04CEC0-E683-4E7E-BAA3-1A1E71FBAD30}.Debug|Any CPU.Build.0 = Debug|Any CPU
		{9D04CEC0-E683-4E7E-BAA3-1A1E71FBAD30}.Release|Any CPU.ActiveCfg = Release|Any CPU
		{9D04CEC0-E683-4E7E-BAA3-1A1E71FBAD30}.Release|Any CPU.Build.0 = Release|Any CPU
		{71CEF88C-6330-47B6-934E-D4D9E88F198A}.Debug|Any CPU.ActiveCfg = Debug|Any CPU
		{71CEF88C-6330-47B6-934E-D4D9E88F198A}.Debug|Any CPU.Build.0 = Debug|Any CPU
		{71CEF88C-6330-47B6-934E-D4D9E88F198A}.Release|Any CPU.ActiveCfg = Release|Any CPU
		{71CEF88C-6330-47B6-934E-D4D9E88F198A}.Release|Any CPU.Build.0 = Release|Any CPU
		{04FF3298-B2D7-475A-BBA9-BD5249576ADB}.Debug|Any CPU.ActiveCfg = Debug|Any CPU
		{04FF3298-B2D7-475A-BBA9-BD5249576ADB}.Debug|Any CPU.Build.0 = Debug|Any CPU
		{04FF3298-B2D7-475A-BBA9-BD5249576ADB}.Release|Any CPU.ActiveCfg = Release|Any CPU
		{04FF3298-B2D7-475A-BBA9-BD5249576ADB}.Release|Any CPU.Build.0 = Release|Any CPU
		{3AC534BC-961E-4EC1-A930-5335302E24C6}.Debug|Any CPU.ActiveCfg = Debug|Any CPU
		{3AC534BC-961E-4EC1-A930-5335302E24C6}.Debug|Any CPU.Build.0 = Debug|Any CPU
		{3AC534BC-961E-4EC1-A930-5335302E24C6}.Release|Any CPU.ActiveCfg = Release|Any CPU
		{3AC534BC-961E-4EC1-A930-5335302E24C6}.Release|Any CPU.Build.0 = Release|Any CPU
	EndGlobalSection
	GlobalSection(SolutionProperties) = preSolution
		HideSolutionNode = FALSE
	EndGlobalSection
	GlobalSection(NestedProjects) = preSolution
		{13D69981-E785-44D6-9637-FD8BCE174ECD} = {C17B1655-0347-423C-9C44-18CFE641AA46}
		{58DBD8A8-D1A7-4540-BB41-6AA37630608A} = {13D69981-E785-44D6-9637-FD8BCE174ECD}
		{C076A079-2F58-4A9E-BCD7-26ACA5966E2A} = {13D69981-E785-44D6-9637-FD8BCE174ECD}
		{AAFDA276-BBE7-4C54-9118-838DF1F3D027} = {13D69981-E785-44D6-9637-FD8BCE174ECD}
		{0AEC1DBF-0208-48EC-83F0-F67ACAAF1148} = {13D69981-E785-44D6-9637-FD8BCE174ECD}
		{CB762575-902D-4CFF-AEAC-A50F78E153D0} = {C17B1655-0347-423C-9C44-18CFE641AA46}
		{5EC33F62-6BF7-4ED6-B061-AF0E9898EB99} = {C17B1655-0347-423C-9C44-18CFE641AA46}
		{9D04CEC0-E683-4E7E-BAA3-1A1E71FBAD30} = {5EC33F62-6BF7-4ED6-B061-AF0E9898EB99}
		{04FF3298-B2D7-475A-BBA9-BD5249576ADB} = {5EC33F62-6BF7-4ED6-B061-AF0E9898EB99}
		{3AC534BC-961E-4EC1-A930-5335302E24C6} = {13D69981-E785-44D6-9637-FD8BCE174ECD}
	EndGlobalSection
	GlobalSection(ExtensibilityGlobals) = postSolution
		SolutionGuid = {08990686-C1A9-4780-AB5E-337039F03E12}
	EndGlobalSection
EndGlobal
